{
  "name": "traffico",
  "version": "1.0.0",
  "lockfileVersion": 2,
  "requires": true,
  "packages": {
    "": {
      "name": "traffico",
      "version": "1.0.0",
      "license": "ISC",
      "dependencies": {
        "mitt": "^2.1.0",
        "vue-tasty-burgers": "^1.2.3"
      }
    },
    "node_modules/mitt": {
      "version": "2.1.0",
      "resolved": "https://registry.npmjs.org/mitt/-/mitt-2.1.0.tgz",
      "integrity": "sha512-ILj2TpLiysu2wkBbWjAmww7TkZb65aiQO+DkVdUTBpBXq+MHYiETENkKFMtsJZX1Lf4pe4QOrTSjIfUwN5lRdg=="
    },
    "node_modules/vue": {
      "version": "2.6.12",
      "resolved": "https://registry.npmjs.org/vue/-/vue-2.6.12.tgz",
      "integrity": "sha512-uhmLFETqPPNyuLLbsKz6ioJ4q7AZHzD8ZVFNATNyICSZouqP2Sz0rotWQC8UNBF6VGSCs5abnKJoStA6JbCbfg==",
      "peer": true
    },
    "node_modules/vue-tasty-burgers": {
      "version": "1.2.3",
      "resolved": "https://registry.npmjs.org/vue-tasty-burgers/-/vue-tasty-burgers-1.2.3.tgz",
      "integrity": "sha512-SHY87M3BMKsksRFXePNHByLMzYzem5D4RYRrb5Rpb0dmWAi9WQKEPZcDLD66dNqy/5X4fF8ztLhEDACm223c/Q==",
      "peerDependencies": {
        "vue": "^2.5.11"
      }
    }
  },
  "dependencies": {
    "mitt": {
      "version": "2.1.0",
      "resolved": "https://registry.npmjs.org/mitt/-/mitt-2.1.0.tgz",
      "integrity": "sha512-ILj2TpLiysu2wkBbWjAmww7TkZb65aiQO+DkVdUTBpBXq+MHYiETENkKFMtsJZX1Lf4pe4QOrTSjIfUwN5lRdg=="
    },
    "vue": {
      "version": "2.6.12",
      "resolved": "https://registry.npmjs.org/vue/-/vue-2.6.12.tgz",
      "integrity": "sha512-uhmLFETqPPNyuLLbsKz6ioJ4q7AZHzD8ZVFNATNyICSZouqP2Sz0rotWQC8UNBF6VGSCs5abnKJoStA6JbCbfg==",
      "peer": true
    },
    "vue-tasty-burgers": {
      "version": "1.2.3",
      "resolved": "https://registry.npmjs.org/vue-tasty-burgers/-/vue-tasty-burgers-1.2.3.tgz",
      "integrity": "sha512-SHY87M3BMKsksRFXePNHByLMzYzem5D4RYRrb5Rpb0dmWAi9WQKEPZcDLD66dNqy/5X4fF8ztLhEDACm223c/Q==",
      "requires": {}
    }
  }
}
